
Microsoft Visual Studio Solution File, Format Version 12.00
# Visual Studio Version 16
VisualStudioVersion = 16.0.31019.35
MinimumVisualStudioVersion = 10.0.40219.1
Project("{9092AA53-FB77-4645-B42D-1CCCA6BD08BD}") = "MealPlan", "MealPlan.njsproj", "{23DF219E-9ACF-43CB-BEE8-F73AF3B640D5}"
EndProject
Global
	GlobalSection(SolutionConfigurationPlatforms) = preSolution
		Debug|Any CPU = Debug|Any CPU
		Release|Any CPU = Release|Any CPU
	EndGlobalSection
	GlobalSection(ProjectConfigurationPlatforms) = postSolution
		{23DF219E-9ACF-43CB-BEE8-F73AF3B640D5}.Debug|Any CPU.ActiveCfg = Debug|Any CPU
		{23DF219E-9ACF-43CB-BEE8-F73AF3B640D5}.Debug|Any CPU.Build.0 = Debug|Any CPU
		{23DF219E-9ACF-43CB-BEE8-F73AF3B640D5}.Release|Any CPU.ActiveCfg = Release|Any CPU
		{23DF219E-9ACF-43CB-BEE8-F73AF3B640D5}.Release|Any CPU.Build.0 = Release|Any CPU
	EndGlobalSection
	GlobalSection(SolutionProperties) = preSolution
		HideSolutionNode = FALSE
	EndGlobalSection
	GlobalSection(ExtensibilityGlobals) = postSolution
		SolutionGuid = {C6F58ACC-4C84-42BE-8892-F94D327556B6}
	EndGlobalSection
EndGlobal
